// !$*UTF8*$!
{
	archiveVersion = 1;
	classes = {
	};
	objectVersion = 50;
	objects = {

/* Begin PBXBuildFile section */
		4D04DC5C26483BDC0006BA0D /* AppDelegate.swift in Sources */ = {isa = PBXBuildFile; fileRef = 4D04DC5B26483BDC0006BA0D /* AppDelegate.swift */; };
		4D04DC5E26483BDC0006BA0D /* SceneDelegate.swift in Sources */ = {isa = PBXBuildFile; fileRef = 4D04DC5D26483BDC0006BA0D /* SceneDelegate.swift */; };
		4D04DC6026483BDC0006BA0D /* ContentView.swift in Sources */ = {isa = PBXBuildFile; fileRef = 4D04DC5F26483BDC0006BA0D /* ContentView.swift */; };
		4D04DC6226483BDE0006BA0D /* Assets.xcassets in Resources */ = {isa = PBXBuildFile; fileRef = 4D04DC6126483BDE0006BA0D /* Assets.xcassets */; };
		4D04DC6526483BDE0006BA0D /* Preview Assets.xcassets in Resources */ = {isa = PBXBuildFile; fileRef = 4D04DC6426483BDE0006BA0D /* Preview Assets.xcassets */; };
		4D04DC6826483BDE0006BA0D /* LaunchScreen.storyboard in Resources */ = {isa = PBXBuildFile; fileRef = 4D04DC6626483BDE0006BA0D /* LaunchScreen.storyboard */; };
		4D04DC7326483BDF0006BA0D /* homework2_referenceTests.swift in Sources */ = {isa = PBXBuildFile; fileRef = 4D04DC7226483BDF0006BA0D /* homework2_referenceTests.swift */; };
		4D04DC7E26483BDF0006BA0D /* homework2_referenceUITests.swift in Sources */ = {isa = PBXBuildFile; fileRef = 4D04DC7D26483BDF0006BA0D /* homework2_referenceUITests.swift */; };
/* End PBXBuildFile section */

/* Begin PBXContainerItemProxy section */
		4D04DC6F26483BDE0006BA0D /* PBXContainerItemProxy */ = {
			isa = PBXContainerItemProxy;
			containerPortal = 4D04DC5026483BDC0006BA0D /* Project object */;
			proxyType = 1;
			remoteGlobalIDString = 4D04DC5726483BDC0006BA0D;
			remoteInfo = homework2_reference;
		};
		4D04DC7A26483BDF0006BA0D /* PBXContainerItemProxy */ = {
			isa = PBXContainerItemProxy;
			containerPortal = 4D04DC5026483BDC0006BA0D /* Project object */;
			proxyType = 1;
			remoteGlobalIDString = 4D04DC5726483BDC0006BA0D;
			remoteInfo = homework2_reference;
		};
/* End PBXContainerItemProxy section */

/* Begin PBXFileReference section */
		4D04DC5826483BDC0006BA0D /* homework2_reference.app */ = {isa = PBXFileReference; explicitFileType = wrapper.application; includeInIndex = 0; path = homework2_reference.app; sourceTree = BUILT_PRODUCTS_DIR; };
		4D04DC5B26483BDC0006BA0D /* AppDelegate.swift */ = {isa = PBXFileReference; lastKnownFileType = sourcecode.swift; path = AppDelegate.swift; sourceTree = "<group>"; };
		4D04DC5D26483BDC0006BA0D /* SceneDelegate.swift */ = {isa = PBXFileReference; lastKnownFileType = sourcecode.swift; path = SceneDelegate.swift; sourceTree = "<group>"; };
		4D04DC5F26483BDC0006BA0D /* ContentView.swift */ = {isa = PBXFileReference; lastKnownFileType = sourcecode.swift; path = ContentView.swift; sourceTree = "<group>"; };
		4D04DC6126483BDE0006BA0D /* Assets.xcassets */ = {isa = PBXFileReference; lastKnownFileType = folder.assetcatalog; path = Assets.xcassets; sourceTree = "<group>"; };
		4D04DC6426483BDE0006BA0D /* Preview Assets.xcassets */ = {isa = PBXFileReference; lastKnownFileType = folder.assetcatalog; path = "Preview Assets.xcassets"; sourceTree = "<group>"; };
		4D04DC6726483BDE0006BA0D /* Base */ = {isa = PBXFileReference; lastKnownFileType = file.storyboard; name = Base; path = Base.lproj/LaunchScreen.storyboard; sourceTree = "<group>"; };
		4D04DC6926483BDE0006BA0D /* Info.plist */ = {isa = PBXFileReference; lastKnownFileType = text.plist.xml; path = Info.plist; sourceTree = "<group>"; };
		4D04DC6E26483BDE0006BA0D /* homework2_referenceTests.xctest */ = {isa = PBXFileReference; explicitFileType = wrapper.cfbundle; includeInIndex = 0; path = homework2_referenceTests.xctest; sourceTree = BUILT_PRODUCTS_DIR; };
		4D04DC7226483BDF0006BA0D /* homework2_referenceTests.swift */ = {isa = PBXFileReference; lastKnownFileType = sourcecode.swift; path = homework2_referenceTests.swift; sourceTree = "<group>"; };
		4D04DC7426483BDF0006BA0D /* Info.plist */ = {isa = PBXFileReference; lastKnownFileType = text.plist.xml; path = Info.plist; sourceTree = "<group>"; };
		4D04DC7926483BDF0006BA0D /* homework2_referenceUITests.xctest */ = {isa = PBXFileReference; explicitFileType = wrapper.cfbundle; includeInIndex = 0; path = homework2_referenceUITests.xctest; sourceTree = BUILT_PRODUCTS_DIR; };
		4D04DC7D26483BDF0006BA0D /* homework2_referenceUITests.swift */ = {isa = PBXFileReference; lastKnownFileType = sourcecode.swift; path = homework2_referenceUITests.swift; sourceTree = "<group>"; };
		4D04DC7F26483BDF0006BA0D /* Info.plist */ = {isa = PBXFileReference; lastKnownFileType = text.plist.xml; path = Info.plist; sourceTree = "<group>"; };
/* End PBXFileReference section */

/* Begin PBXFrameworksBuildPhase section */
		4D04DC5526483BDC0006BA0D /* Frameworks */ = {
			isa = PBXFrameworksBuildPhase;
			buildActionMask = 2147483647;
			files = (
			);
			runOnlyForDeploymentPostprocessing = 0;
		};
		4D04DC6B26483BDE0006BA0D /* Frameworks */ = {
			isa = PBXFrameworksBuildPhase;
			buildActionMask = 2147483647;
			files = (
			);
			runOnlyForDeploymentPostprocessing = 0;
		};
		4D04DC7626483BDF0006BA0D /* Frameworks */ = {
			isa = PBXFrameworksBuildPhase;
			buildActionMask = 2147483647;
			files = (
			);
			runOnlyForDeploymentPostprocessing = 0;
		};
/* End PBXFrameworksBuildPhase section */

/* Begin PBXGroup section */
		4D04DC4F26483BDC0006BA0D = {
			isa = PBXGroup;
			children = (
				4D04DC5A26483BDC0006BA0D /* homework2_reference */,
				4D04DC7126483BDE0006BA0D /* homework2_referenceTests */,
				4D04DC7C26483BDF0006BA0D /* homework2_referenceUITests */,
				4D04DC5926483BDC0006BA0D /* Products */,
			);
			sourceTree = "<group>";
		};
		4D04DC5926483BDC0006BA0D /* Products */ = {
			isa = PBXGroup;
			children = (
				4D04DC5826483BDC0006BA0D /* homework2_reference.app */,
				4D04DC6E26483BDE0006BA0D /* homework2_referenceTests.xctest */,
				4D04DC7926483BDF0006BA0D /* homework2_referenceUITests.xctest */,
			);
			name = Products;
			sourceTree = "<group>";
		};
		4D04DC5A26483BDC0006BA0D /* homework2_reference */ = {
			isa = PBXGroup;
			children = (
				4D04DC5B26483BDC0006BA0D /* AppDelegate.swift */,
				4D04DC5D26483BDC0006BA0D /* SceneDelegate.swift */,
				4D04DC5F26483BDC0006BA0D /* ContentView.swift */,
				4D04DC6126483BDE0006BA0D /* Assets.xcassets */,
				4D04DC6626483BDE0006BA0D /* LaunchScreen.storyboard */,
				4D04DC6926483BDE0006BA0D /* Info.plist */,
				4D04DC6326483BDE0006BA0D /* Preview Content */,
			);
			path = homework2_reference;
			sourceTree = "<group>";
		};
		4D04DC6326483BDE0006BA0D /* Preview Content */ = {
			isa = PBXGroup;
			children = (
				4D04DC6426483BDE0006BA0D /* Preview Assets.xcassets */,
			);
			path = "Preview Content";
			sourceTree = "<group>";
		};
		4D04DC7126483BDE0006BA0D /* homework2_referenceTests */ = {
			isa = PBXGroup;
			children = (
				4D04DC7226483BDF0006BA0D /* homework2_referenceTests.swift */,
				4D04DC7426483BDF0006BA0D /* Info.plist */,
			);
			path = homework2_referenceTests;
			sourceTree = "<group>";
		};
		4D04DC7C26483BDF0006BA0D /* homework2_referenceUITests */ = {
			isa = PBXGroup;
			children = (
				4D04DC7D26483BDF0006BA0D /* homework2_referenceUITests.swift */,
				4D04DC7F26483BDF0006BA0D /* Info.plist */,
			);
			path = homework2_referenceUITests;
			sourceTree = "<group>";
		};
/* End PBXGroup section */

/* Begin PBXNativeTarget section */
		4D04DC5726483BDC0006BA0D /* homework2_reference */ = {
			isa = PBXNativeTarget;
			buildConfigurationList = 4D04DC8226483BDF0006BA0D /* Build configuration list for PBXNativeTarget "homework2_reference" */;
			buildPhases = (
				4D04DC5426483BDC0006BA0D /* Sources */,
				4D04DC5526483BDC0006BA0D /* Frameworks */,
				4D04DC5626483BDC0006BA0D /* Resources */,
			);
			buildRules = (
			);
			dependencies = (
			);
			name = homework2_reference;
			productName = homework2_reference;
			productReference = 4D04DC5826483BDC0006BA0D /* homework2_reference.app */;
			productType = "com.apple.product-type.application";
		};
		4D04DC6D26483BDE0006BA0D /* homework2_referenceTests */ = {
			isa = PBXNativeTarget;
			buildConfigurationList = 4D04DC8526483BDF0006BA0D /* Build configuration list for PBXNativeTarget "homework2_referenceTests" */;
			buildPhases = (
				4D04DC6A26483BDE0006BA0D /* Sources */,
				4D04DC6B26483BDE0006BA0D /* Frameworks */,
				4D04DC6C26483BDE0006BA0D /* Resources */,
			);
			buildRules = (
			);
			dependencies = (
				4D04DC7026483BDE0006BA0D /* PBXTargetDependency */,
			);
			name = homework2_referenceTests;
			productName = homework2_referenceTests;
			productReference = 4D04DC6E26483BDE0006BA0D /* homework2_referenceTests.xctest */;
			productType = "com.apple.product-type.bundle.unit-test";
		};
		4D04DC7826483BDF0006BA0D /* homework2_referenceUITests */ = {
			isa = PBXNativeTarget;
			buildConfigurationList = 4D04DC8826483BDF0006BA0D /* Build configuration list for PBXNativeTarget "homework2_referenceUITests" */;
			buildPhases = (
				4D04DC7526483BDF0006BA0D /* Sources */,
				4D04DC7626483BDF0006BA0D /* Frameworks */,
				4D04DC7726483BDF0006BA0D /* Resources */,
			);
			buildRules = (
			);
			dependencies = (
				4D04DC7B26483BDF0006BA0D /* PBXTargetDependency */,
			);
			name = homework2_referenceUITests;
			productName = homework2_referenceUITests;
			productReference = 4D04DC7926483BDF0006BA0D /* homework2_referenceUITests.xctest */;
			productType = "com.apple.product-type.bundle.ui-testing";
		};
/* End PBXNativeTarget section */

/* Begin PBXProject section */
		4D04DC5026483BDC0006BA0D /* Project object */ = {
			isa = PBXProject;
			attributes = {
				LastSwiftUpdateCheck = 1250;
				LastUpgradeCheck = 1250;
				TargetAttributes = {
					4D04DC5726483BDC0006BA0D = {
						CreatedOnToolsVersion = 12.5;
					};
					4D04DC6D26483BDE0006BA0D = {
						CreatedOnToolsVersion = 12.5;
						TestTargetID = 4D04DC5726483BDC0006BA0D;
					};
					4D04DC7826483BDF0006BA0D = {
						CreatedOnToolsVersion = 12.5;
						TestTargetID = 4D04DC5726483BDC0006BA0D;
					};
				};
			};
			buildConfigurationList = 4D04DC5326483BDC0006BA0D /* Build configuration list for PBXProject "homework2_reference" */;
			compatibilityVersion = "Xcode 9.3";
			developmentRegion = en;
			hasScannedForEncodings = 0;
			knownRegions = (
				en,
				Base,
			);
			mainGroup = 4D04DC4F26483BDC0006BA0D;
			productRefGroup = 4D04DC5926483BDC0006BA0D /* Products */;
			projectDirPath = "";
			projectRoot = "";
			targets = (
				4D04DC5726483BDC0006BA0D /* homework2_reference */,
				4D04DC6D26483BDE0006BA0D /* homework2_referenceTests */,
				4D04DC7826483BDF0006BA0D /* homework2_referenceUITests */,
			);
		};
/* End PBXProject section */

/* Begin PBXResourcesBuildPhase section */
		4D04DC5626483BDC0006BA0D /* Resources */ = {
			isa = PBXResourcesBuildPhase;
			buildActionMask = 2147483647;
			files = (
				4D04DC6826483BDE0006BA0D /* LaunchScreen.storyboard in Resources */,
				4D04DC6526483BDE0006BA0D /* Preview Assets.xcassets in Resources */,
				4D04DC6226483BDE0006BA0D /* Assets.xcassets in Resources */,
			);
			runOnlyForDeploymentPostprocessing = 0;
		};
		4D04DC6C26483BDE0006BA0D /* Resources */ = {
			isa = PBXResourcesBuildPhase;
			buildActionMask = 2147483647;
			files = (
			);
			runOnlyForDeploymentPostprocessing = 0;
		};
		4D04DC7726483BDF0006BA0D /* Resources */ = {
			isa = PBXResourcesBuildPhase;
			buildActionMask = 2147483647;
			files = (
			);
			runOnlyForDeploymentPostprocessing = 0;
		};
/* End PBXResourcesBuildPhase section */

/* Begin PBXSourcesBuildPhase section */
		4D04DC5426483BDC0006BA0D /* Sources */ = {
			isa = PBXSourcesBuildPhase;
			buildActionMask = 2147483647;
			files = (
				4D04DC5C26483BDC0006BA0D /* AppDelegate.swift in Sources */,
				4D04DC5E26483BDC0006BA0D /* SceneDelegate.swift in Sources */,
				4D04DC6026483BDC0006BA0D /* ContentView.swift in Sources */,
			);
			runOnlyForDeploymentPostprocessing = 0;
		};
		4D04DC6A26483BDE0006BA0D /* Sources */ = {
			isa = PBXSourcesBuildPhase;
			buildActionMask = 2147483647;
			files = (
				4D04DC7326483BDF0006BA0D /* homework2_referenceTests.swift in Sources */,
			);
			runOnlyForDeploymentPostprocessing = 0;
		};
		4D04DC7526483BDF0006BA0D /* Sources */ = {
			isa = PBXSourcesBuildPhase;
			buildActionMask = 2147483647;
			files = (
				4D04DC7E26483BDF0006BA0D /* homework2_referenceUITests.swift in Sources */,
			);
			runOnlyForDeploymentPostprocessing = 0;
		};
/* End PBXSourcesBuildPhase section */

/* Begin PBXTargetDependency section */
		4D04DC7026483BDE0006BA0D /* PBXTargetDependency */ = {
			isa = PBXTargetDependency;
			target = 4D04DC5726483BDC0006BA0D /* homework2_reference */;
			targetProxy = 4D04DC6F26483BDE0006BA0D /* PBXContainerItemProxy */;
		};
		4D04DC7B26483BDF0006BA0D /* PBXTargetDependency */ = {
			isa = PBXTargetDependency;
			target = 4D04DC5726483BDC0006BA0D /* homework2_reference */;
			targetProxy = 4D04DC7A26483BDF0006BA0D /* PBXContainerItemProxy */;
		};
/* End PBXTargetDependency section */

/* Begin PBXVariantGroup section */
		4D04DC6626483BDE0006BA0D /* LaunchScreen.storyboard */ = {
			isa = PBXVariantGroup;
			children = (
				4D04DC6726483BDE0006BA0D /* Base */,
			);
			name = LaunchScreen.storyboard;
			sourceTree = "<group>";
		};
/* End PBXVariantGroup section */

/* Begin XCBuildConfiguration section */
		4D04DC8026483BDF0006BA0D /* Debug */ = {
			isa = XCBuildConfiguration;
			buildSettings = {
				ALWAYS_SEARCH_USER_PATHS = NO;
				CLANG_ANALYZER_NONNULL = YES;
				CLANG_ANALYZER_NUMBER_OBJECT_CONVERSION = YES_AGGRESSIVE;
				CLANG_CXX_LANGUAGE_STANDARD = "gnu++14";
				CLANG_CXX_LIBRARY = "libc++";
				CLANG_ENABLE_MODULES = YES;
				CLANG_ENABLE_OBJC_ARC = YES;
				CLANG_ENABLE_OBJC_WEAK = YES;
				CLANG_WARN_BLOCK_CAPTURE_AUTORELEASING = YES;
				CLANG_WARN_BOOL_CONVERSION = YES;
				CLANG_WARN_COMMA = YES;
				CLANG_WARN_CONSTANT_CONVERSION = YES;
				CLANG_WARN_DEPRECATED_OBJC_IMPLEMENTATIONS = YES;
				CLANG_WARN_DIRECT_OBJC_ISA_USAGE = YES_ERROR;
				CLANG_WARN_DOCUMENTATION_COMMENTS = YES;
				CLANG_WARN_EMPTY_BODY = YES;
				CLANG_WARN_ENUM_CONVERSION = YES;
				CLANG_WARN_INFINITE_RECURSION = YES;
				CLANG_WARN_INT_CONVERSION = YES;
				CLANG_WARN_NON_LITERAL_NULL_CONVERSION = YES;
				CLANG_WARN_OBJC_IMPLICIT_RETAIN_SELF = YES;
				CLANG_WARN_OBJC_LITERAL_CONVERSION = YES;
				CLANG_WARN_OBJC_ROOT_CLASS = YES_ERROR;
				CLANG_WARN_QUOTED_INCLUDE_IN_FRAMEWORK_HEADER = YES;
				CLANG_WARN_RANGE_LOOP_ANALYSIS = YES;
				CLANG_WARN_STRICT_PROTOTYPES = YES;
				CLANG_WARN_SUSPICIOUS_MOVE = YES;
				CLANG_WARN_UNGUARDED_AVAILABILITY = YES_AGGRESSIVE;
				CLANG_WARN_UNREACHABLE_CODE = YES;
				CLANG_WARN__DUPLICATE_METHOD_MATCH = YES;
				COPY_PHASE_STRIP = NO;
				DEBUG_INFORMATION_FORMAT = dwarf;
				ENABLE_STRICT_OBJC_MSGSEND = YES;
				ENABLE_TESTABILITY = YES;
				GCC_C_LANGUAGE_STANDARD = gnu11;
				GCC_DYNAMIC_NO_PIC = NO;
				GCC_NO_COMMON_BLOCKS = YES;
				GCC_OPTIMIZATION_LEVEL = 0;
				GCC_PREPROCESSOR_DEFINITIONS = (
					"DEBUG=1",
					"$(inherited)",
				);
				GCC_WARN_64_TO_32_BIT_CONVERSION = YES;
				GCC_WARN_ABOUT_RETURN_TYPE = YES_ERROR;
				GCC_WARN_UNDECLARED_SELECTOR = YES;
				GCC_WARN_UNINITIALIZED_AUTOS = YES_AGGRESSIVE;
				GCC_WARN_UNUSED_FUNCTION = YES;
				GCC_WARN_UNUSED_VARIABLE = YES;
				IPHONEOS_DEPLOYMENT_TARGET = 14.5;
				MTL_ENABLE_DEBUG_INFO = INCLUDE_SOURCE;
				MTL_FAST_MATH = YES;
				ONLY_ACTIVE_ARCH = YES;
				SDKROOT = iphoneos;
				SWIFT_ACTIVE_COMPILATION_CONDITIONS = DEBUG;
				SWIFT_OPTIMIZATION_LEVEL = "-Onone";
			};
			name = Debug;
		};
		4D04DC8126483BDF0006BA0D /* Release */ = {
			isa = XCBuildConfiguration;
			buildSettings = {
				ALWAYS_SEARCH_USER_PATHS = NO;
				CLANG_ANALYZER_NONNULL = YES;
				CLANG_ANALYZER_NUMBER_OBJECT_CONVERSION = YES_AGGRESSIVE;
				CLANG_CXX_LANGUAGE_STANDARD = "gnu++14";
				CLANG_CXX_LIBRARY = "libc++";
				CLANG_ENABLE_MODULES = YES;
				CLANG_ENABLE_OBJC_ARC = YES;
				CLANG_ENABLE_OBJC_WEAK = YES;
				CLANG_WARN_BLOCK_CAPTURE_AUTORELEASING = YES;
				CLANG_WARN_BOOL_CONVERSION = YES;
				CLANG_WARN_COMMA = YES;
				CLANG_WARN_CONSTANT_CONVERSION = YES;
				CLANG_WARN_DEPRECATED_OBJC_IMPLEMENTATIONS = YES;
				CLANG_WARN_DIRECT_OBJC_ISA_USAGE = YES_ERROR;
				CLANG_WARN_DOCUMENTATION_COMMENTS = YES;
				CLANG_WARN_EMPTY_BODY = YES;
				CLANG_WARN_ENUM_CONVERSION = YES;
				CLANG_WARN_INFINITE_RECURSION = YES;
				CLANG_WARN_INT_CONVERSION = YES;
				CLANG_WARN_NON_LITERAL_NULL_CONVERSION = YES;
				CLANG_WARN_OBJC_IMPLICIT_RETAIN_SELF = YES;
				CLANG_WARN_OBJC_LITERAL_CONVERSION = YES;
				CLANG_WARN_OBJC_ROOT_CLASS = YES_ERROR;
				CLANG_WARN_QUOTED_INCLUDE_IN_FRAMEWORK_HEADER = YES;
				CLANG_WARN_RANGE_LOOP_ANALYSIS = YES;
				CLANG_WARN_STRICT_PROTOTYPES = YES;
				CLANG_WARN_SUSPICIOUS_MOVE = YES;
				CLANG_WARN_UNGUARDED_AVAILABILITY = YES_AGGRESSIVE;
				CLANG_WARN_UNREACHABLE_CODE = YES;
				CLANG_WARN__DUPLICATE_METHOD_MATCH = YES;
				COPY_PHASE_STRIP = NO;
				DEBUG_INFORMATION_FORMAT = "dwarf-with-dsym";
				ENABLE_NS_ASSERTIONS = NO;
				ENABLE_STRICT_OBJC_MSGSEND = YES;
				GCC_C_LANGUAGE_STANDARD = gnu11;
				GCC_NO_COMMON_BLOCKS = YES;
				GCC_WARN_64_TO_32_BIT_CONVERSION = YES;
				GCC_WARN_ABOUT_RETURN_TYPE = YES_ERROR;
				GCC_WARN_UNDECLARED_SELECTOR = YES;
				GCC_WARN_UNINITIALIZED_AUTOS = YES_AGGRESSIVE;
				GCC_WARN_UNUSED_FUNCTION = YES;
				GCC_WARN_UNUSED_VARIABLE = YES;
				IPHONEOS_DEPLOYMENT_TARGET = 14.5;
				MTL_ENABLE_DEBUG_INFO = NO;
				MTL_FAST_MATH = YES;
				SDKROOT = iphoneos;
				SWIFT_COMPILATION_MODE = wholemodule;
				SWIFT_OPTIMIZATION_LEVEL = "-O";
				VALIDATE_PRODUCT = YES;
			};
			name = Release;
		};
		4D04DC8326483BDF0006BA0D /* Debug */ = {
			isa = XCBuildConfiguration;
			buildSettings = {
				ASSETCATALOG_COMPILER_APPICON_NAME = AppIcon;
				ASSETCATALOG_COMPILER_GLOBAL_ACCENT_COLOR_NAME = AccentColor;
				CODE_SIGN_STYLE = Automatic;
				DEVELOPMENT_ASSET_PATHS = "\"homework2_reference/Preview Content\"";
				ENABLE_PREVIEWS = YES;
				INFOPLIST_FILE = homework2_reference/Info.plist;
				LD_RUNPATH_SEARCH_PATHS = (
					"$(inherited)",
					"@executable_path/Frameworks",
				);
				PRODUCT_BUNDLE_IDENTIFIER = "GHeeJeon.com.homework2-reference";
				PRODUCT_NAME = "$(TARGET_NAME)";
				SWIFT_VERSION = 5.0;
				TARGETED_DEVICE_FAMILY = "1,2";
			};
			name = Debug;
		};
		4D04DC8426483BDF0006BA0D /* Release */ = {
			isa = XCBuildConfiguration;
			buildSettings = {
				ASSETCATALOG_COMPILER_APPICON_NAME = AppIcon;
				ASSETCATALOG_COMPILER_GLOBAL_ACCENT_COLOR_NAME = AccentColor;
				CODE_SIGN_STYLE = Automatic;
				DEVELOPMENT_ASSET_PATHS = "\"homework2_reference/Preview Content\"";
				ENABLE_PREVIEWS = YES;
				INFOPLIST_FILE = homework2_reference/Info.plist;
				LD_RUNPATH_SEARCH_PATHS = (
					"$(inherited)",
					"@executable_path/Frameworks",
				);
				PRODUCT_BUNDLE_IDENTIFIER = "GHeeJeon.com.homework2-reference";
				PRODUCT_NAME = "$(TARGET_NAME)";
				SWIFT_VERSION = 5.0;
				TARGETED_DEVICE_FAMILY = "1,2";
			};
			name = Release;
		};
		4D04DC8626483BDF0006BA0D /* Debug */ = {
			isa = XCBuildConfiguration;
			buildSettings = {
				ALWAYS_EMBED_SWIFT_STANDARD_LIBRARIES = YES;
				BUNDLE_LOADER = "$(TEST_HOST)";
				CODE_SIGN_STYLE = Automatic;
				INFOPLIST_FILE = homework2_referenceTests/Info.plist;
				IPHONEOS_DEPLOYMENT_TARGET = 14.5;
				LD_RUNPATH_SEARCH_PATHS = (
					"$(inherited)",
					"@executable_path/Frameworks",
					"@loader_path/Frameworks",
				);
				PRODUCT_BUNDLE_IDENTIFIER = "GHeeJeon.com.homework2-referenceTests";
				PRODUCT_NAME = "$(TARGET_NAME)";
				SWIFT_VERSION = 5.0;
				TARGETED_DEVICE_FAMILY = "1,2";
				TEST_HOST = "$(BUILT_PRODUCTS_DIR)/homework2_reference.app/homework2_reference";
			};
			name = Debug;
		};
		4D04DC8726483BDF0006BA0D /* Release */ = {
			isa = XCBuildConfiguration;
			buildSettings = {
				ALWAYS_EMBED_SWIFT_STANDARD_LIBRARIES = YES;
				BUNDLE_LOADER = "$(TEST_HOST)";
				CODE_SIGN_STYLE = Automatic;
				INFOPLIST_FILE = homework2_referenceTests/Info.plist;
				IPHONEOS_DEPLOYMENT_TARGET = 14.5;
				LD_RUNPATH_SEARCH_PATHS = (
					"$(inherited)",
					"@executable_path/Frameworks",
					"@loader_path/Frameworks",
				);
				PRODUCT_BUNDLE_IDENTIFIER = "GHeeJeon.com.homework2-referenceTests";
				PRODUCT_NAME = "$(TARGET_NAME)";
				SWIFT_VERSION = 5.0;
				TARGETED_DEVICE_FAMILY = "1,2";
				TEST_HOST = "$(BUILT_PRODUCTS_DIR)/homework2_reference.app/homework2_reference";
			};
			name = Release;
		};
		4D04DC8926483BDF0006BA0D /* Debug */ = {
			isa = XCBuildConfiguration;
			buildSettings = {
				ALWAYS_EMBED_SWIFT_STANDARD_LIBRARIES = YES;
				CODE_SIGN_STYLE = Automatic;
				INFOPLIST_FILE = homework2_referenceUITests/Info.plist;
				LD_RUNPATH_SEARCH_PATHS = (
					"$(inherited)",
					"@executable_path/Frameworks",
					"@loader_path/Frameworks",
				);
				PRODUCT_BUNDLE_IDENTIFIER = "GHeeJeon.com.homework2-referenceUITests";
				PRODUCT_NAME = "$(TARGET_NAME)";
				SWIFT_VERSION = 5.0;
				TARGETED_DEVICE_FAMILY = "1,2";
				TEST_TARGET_NAME = homework2_reference;
			};
			name = Debug;
		};
		4D04DC8A26483BDF0006BA0D /* Release */ = {
			isa = XCBuildConfiguration;
			buildSettings = {
				ALWAYS_EMBED_SWIFT_STANDARD_LIBRARIES = YES;
				CODE_SIGN_STYLE = Automatic;
				INFOPLIST_FILE = homework2_referenceUITests/Info.plist;
				LD_RUNPATH_SEARCH_PATHS = (
					"$(inherited)",
					"@executable_path/Frameworks",
					"@loader_path/Frameworks",
				);
				PRODUCT_BUNDLE_IDENTIFIER = "GHeeJeon.com.homework2-referenceUITests";
				PRODUCT_NAME = "$(TARGET_NAME)";
				SWIFT_VERSION = 5.0;
				TARGETED_DEVICE_FAMILY = "1,2";
				TEST_TARGET_NAME = homework2_reference;
			};
			name = Release;
		};
/* End XCBuildConfiguration section */

/* Begin XCConfigurationList section */
		4D04DC5326483BDC0006BA0D /* Build configuration list for PBXProject "homework2_reference" */ = {
			isa = XCConfigurationList;
			buildConfigurations = (
				4D04DC8026483BDF0006BA0D /* Debug */,
				4D04DC8126483BDF0006BA0D /* Release */,
			);
			defaultConfigurationIsVisible = 0;
			defaultConfigurationName = Release;
		};
		4D04DC8226483BDF0006BA0D /* Build configuration list for PBXNativeTarget "homework2_reference" */ = {
			isa = XCConfigurationList;
			buildConfigurations = (
				4D04DC8326483BDF0006BA0D /* Debug */,
				4D04DC8426483BDF0006BA0D /* Release */,
			);
			defaultConfigurationIsVisible = 0;
			defaultConfigurationName = Release;
		};
		4D04DC8526483BDF0006BA0D /* Build configuration list for PBXNativeTarget "homework2_referenceTests" */ = {
			isa = XCConfigurationList;
			buildConfigurations = (
				4D04DC8626483BDF0006BA0D /* Debug */,
				4D04DC8726483BDF0006BA0D /* Release */,
			);
			defaultConfigurationIsVisible = 0;
			defaultConfigurationName = Release;
		};
		4D04DC8826483BDF0006BA0D /* Build configuration list for PBXNativeTarget "homework2_referenceUITests" */ = {
			isa = XCConfigurationList;
			buildConfigurations = (
				4D04DC8926483BDF0006BA0D /* Debug */,
				4D04DC8A26483BDF0006BA0D /* Release */,
			);
			defaultConfigurationIsVisible = 0;
			defaultConfigurationName = Release;
		};
/* End XCConfigurationList section */
	};
	rootObject = 4D04DC5026483BDC0006BA0D /* Project object */;
}
